
Microsoft Visual Studio Solution File, Format Version 12.00
# Visual Studio Version 17
VisualStudioVersion = 17.3.32901.215
MinimumVisualStudioVersion = 10.0.40219.1
Project("{FAE04EC0-301F-11D3-BF4B-00C04F79EFBC}") = "exercise_4.104_4.114", "exercise_4.104_4.114\exercise_4.104_4.114.csproj", "{4735EAF7-315F-47DA-B18D-4A341175C0B3}"
EndProject
Global
	GlobalSection(SolutionConfigurationPlatforms) = preSolution
		Debug|Any CPU = Debug|Any CPU
		Release|Any CPU = Release|Any CPU
	EndGlobalSection
	GlobalSection(ProjectConfigurationPlatforms) = postSolution
		{4735EAF7-315F-47DA-B18D-4A341175C0B3}.Debug|Any CPU.ActiveCfg = Debug|Any CPU
		{4735EAF7-315F-47DA-B18D-4A341175C0B3}.Debug|Any CPU.Build.0 = Debug|Any CPU
		{4735EAF7-315F-47DA-B18D-4A341175C0B3}.Release|Any CPU.ActiveCfg = Release|Any CPU
		{4735EAF7-315F-47DA-B18D-4A341175C0B3}.Release|Any CPU.Build.0 = Release|Any CPU
	EndGlobalSection
	GlobalSection(SolutionProperties) = preSolution
		HideSolutionNode = FALSE
	EndGlobalSection
	GlobalSection(ExtensibilityGlobals) = postSolution
		SolutionGuid = {698AB19E-1C93-405A-BAA6-A828AC970833}
	EndGlobalSection
EndGlobal
